
Microsoft Visual Studio Solution File, Format Version 12.00
# Visual Studio Version 16
VisualStudioVersion = 16.0.33214.272
MinimumVisualStudioVersion = 10.0.40219.1
Project("{FAE04EC0-301F-11D3-BF4B-00C04F79EFBC}") = "PR17_romanov", "PR17_romanov.csproj", "{C02F3C48-212C-4EB4-8293-378D9C6B0875}"
EndProject
Global
	GlobalSection(SolutionConfigurationPlatforms) = preSolution
		Debug|Any CPU = Debug|Any CPU
		Release|Any CPU = Release|Any CPU
	EndGlobalSection
	GlobalSection(ProjectConfigurationPlatforms) = postSolution
		{C02F3C48-212C-4EB4-8293-378D9C6B0875}.Debug|Any CPU.ActiveCfg = Debug|Any CPU
		{C02F3C48-212C-4EB4-8293-378D9C6B0875}.Debug|Any CPU.Build.0 = Debug|Any CPU
		{C02F3C48-212C-4EB4-8293-378D9C6B0875}.Release|Any CPU.ActiveCfg = Release|Any CPU
		{C02F3C48-212C-4EB4-8293-378D9C6B0875}.Release|Any CPU.Build.0 = Release|Any CPU
	EndGlobalSection
	GlobalSection(SolutionProperties) = preSolution
		HideSolutionNode = FALSE
	EndGlobalSection
	GlobalSection(ExtensibilityGlobals) = postSolution
		SolutionGuid = {377DBF0F-A484-404C-9FBF-1496272228C3}
	EndGlobalSection
EndGlobal
